{
  "R": {
    "Version": "4.3.3",
    "Repositories": [
      {
        "Name": "P3M",
        "URL": "https://packagemanager.posit.co/cran/latest"
      },
      {
        "Name": "CRAN",
        "URL": "https://cloud.r-project.org"
      }
    ]
  },
  "Packages": {
    "renv": {
      "Package": "renv",
      "Version": "1.0.11",
      "OS_type": null,
      "NeedsCompilation": "no",
      "Repository": "P3M",
      "Source": "Repository"
    }
  }
}
